
Microsoft Visual Studio Solution File, Format Version 11.00
# Visual C# Express 2010
Project("{FAE04EC0-301F-11D3-BF4B-00C04F79EFBC}") = "sXNAke", "sXNAke\sXNAke\sXNAke.csproj", "{8667D91F-AC2A-4C8F-8C74-A3F30D262183}"
EndProject
Project("{96E2B04D-8817-42C6-938A-82C39BA4D311}") = "sXNAkeContent", "sXNAke\sXNAkeContent\sXNAkeContent.contentproj", "{3EB3FA5E-4ECB-4015-8EC9-EA5CB663DA6E}"
EndProject
Global
	GlobalSection(SolutionConfigurationPlatforms) = preSolution
		Debug|x86 = Debug|x86
		Release|x86 = Release|x86
	EndGlobalSection
	GlobalSection(ProjectConfigurationPlatforms) = postSolution
		{8667D91F-AC2A-4C8F-8C74-A3F30D262183}.Debug|x86.ActiveCfg = Debug|x86
		{8667D91F-AC2A-4C8F-8C74-A3F30D262183}.Debug|x86.Build.0 = Debug|x86
		{8667D91F-AC2A-4C8F-8C74-A3F30D262183}.Release|x86.ActiveCfg = Release|x86
		{8667D91F-AC2A-4C8F-8C74-A3F30D262183}.Release|x86.Build.0 = Release|x86
		{3EB3FA5E-4ECB-4015-8EC9-EA5CB663DA6E}.Debug|x86.ActiveCfg = Debug|x86
		{3EB3FA5E-4ECB-4015-8EC9-EA5CB663DA6E}.Release|x86.ActiveCfg = Release|x86
	EndGlobalSection
	GlobalSection(SolutionProperties) = preSolution
		HideSolutionNode = FALSE
	EndGlobalSection
EndGlobal
