
Microsoft Visual Studio Solution File, Format Version 11.00
# Visual C# Express 2010
Project("{FAE04EC0-301F-11D3-BF4B-00C04F79EFBC}") = "1-Teclado", "Teclado\Teclado\1-Teclado.csproj", "{49ED41C0-C809-45F9-B94D-228AA1851484}"
EndProject
Project("{FAE04EC0-301F-11D3-BF4B-00C04F79EFBC}") = "1-TecladoContent", "Teclado\TecladoContent\1-TecladoContent.contentproj", "{C88CAAB1-CBF5-412B-8D04-8A506383AE42}"
EndProject
Global
	GlobalSection(SolutionConfigurationPlatforms) = preSolution
		Debug|x86 = Debug|x86
		Release|x86 = Release|x86
	EndGlobalSection
	GlobalSection(ProjectConfigurationPlatforms) = postSolution
		{49ED41C0-C809-45F9-B94D-228AA1851484}.Debug|x86.ActiveCfg = Debug|x86
		{49ED41C0-C809-45F9-B94D-228AA1851484}.Debug|x86.Build.0 = Debug|x86
		{49ED41C0-C809-45F9-B94D-228AA1851484}.Release|x86.ActiveCfg = Release|x86
		{49ED41C0-C809-45F9-B94D-228AA1851484}.Release|x86.Build.0 = Release|x86
		{C88CAAB1-CBF5-412B-8D04-8A506383AE42}.Debug|x86.ActiveCfg = Debug|x86
		{C88CAAB1-CBF5-412B-8D04-8A506383AE42}.Release|x86.ActiveCfg = Release|x86
	EndGlobalSection
	GlobalSection(SolutionProperties) = preSolution
		HideSolutionNode = FALSE
	EndGlobalSection
EndGlobal
