
Microsoft Visual Studio Solution File, Format Version 11.00
# Visual C# Express 2010
Project("{FAE04EC0-301F-11D3-BF4B-00C04F79EFBC}") = "Textura3D", "Textura3D\Textura3D\Textura3D.csproj", "{D682FBBC-EA4D-42D6-8481-2F31BC742903}"
EndProject
Project("{96E2B04D-8817-42C6-938A-82C39BA4D311}") = "Textura3DContent", "Textura3D\Textura3DContent\Textura3DContent.contentproj", "{9C804B5A-3B5D-42E8-B0BF-DAD57E7324C4}"
EndProject
Global
	GlobalSection(SolutionConfigurationPlatforms) = preSolution
		Debug|x86 = Debug|x86
		Release|x86 = Release|x86
	EndGlobalSection
	GlobalSection(ProjectConfigurationPlatforms) = postSolution
		{D682FBBC-EA4D-42D6-8481-2F31BC742903}.Debug|x86.ActiveCfg = Debug|x86
		{D682FBBC-EA4D-42D6-8481-2F31BC742903}.Debug|x86.Build.0 = Debug|x86
		{D682FBBC-EA4D-42D6-8481-2F31BC742903}.Release|x86.ActiveCfg = Release|x86
		{D682FBBC-EA4D-42D6-8481-2F31BC742903}.Release|x86.Build.0 = Release|x86
		{9C804B5A-3B5D-42E8-B0BF-DAD57E7324C4}.Debug|x86.ActiveCfg = Debug|x86
		{9C804B5A-3B5D-42E8-B0BF-DAD57E7324C4}.Release|x86.ActiveCfg = Release|x86
	EndGlobalSection
	GlobalSection(SolutionProperties) = preSolution
		HideSolutionNode = FALSE
	EndGlobalSection
EndGlobal
