
Microsoft Visual Studio Solution File, Format Version 11.00
# Visual Studio 2010
Project("{FAE04EC0-301F-11D3-BF4B-00C04F79EFBC}") = "DrawUserPrimitivesWindows", "DrawUserPrimitivesWindows\DrawUserPrimitivesWindows.csproj", "{BA413ACA-128B-40AB-94AD-C90585814490}"
EndProject
Project("{FAE04EC0-301F-11D3-BF4B-00C04F79EFBC}") = "DrawUserPrimitivesWindowsContent", "DrawUserPrimitivesWindowsContent\DrawUserPrimitivesWindowsContent.contentproj", "{A9C2D95B-56CB-4763-96D1-437A1A5874BA}"
EndProject
Global
	GlobalSection(SolutionConfigurationPlatforms) = preSolution
		Debug|Any CPU = Debug|Any CPU
		Debug|x86 = Debug|x86
		Release|Any CPU = Release|Any CPU
		Release|x86 = Release|x86
	EndGlobalSection
	GlobalSection(ProjectConfigurationPlatforms) = postSolution
		{BA413ACA-128B-40AB-94AD-C90585814490}.Debug|Any CPU.ActiveCfg = Debug|x86
		{BA413ACA-128B-40AB-94AD-C90585814490}.Debug|x86.ActiveCfg = Debug|x86
		{BA413ACA-128B-40AB-94AD-C90585814490}.Debug|x86.Build.0 = Debug|x86
		{BA413ACA-128B-40AB-94AD-C90585814490}.Release|Any CPU.ActiveCfg = Release|x86
		{BA413ACA-128B-40AB-94AD-C90585814490}.Release|x86.ActiveCfg = Release|x86
		{BA413ACA-128B-40AB-94AD-C90585814490}.Release|x86.Build.0 = Release|x86
		{A9C2D95B-56CB-4763-96D1-437A1A5874BA}.Debug|Any CPU.ActiveCfg = Debug|Any CPU
		{A9C2D95B-56CB-4763-96D1-437A1A5874BA}.Debug|x86.ActiveCfg = Debug|Any CPU
		{A9C2D95B-56CB-4763-96D1-437A1A5874BA}.Release|Any CPU.ActiveCfg = Debug|Any CPU
		{A9C2D95B-56CB-4763-96D1-437A1A5874BA}.Release|x86.ActiveCfg = Debug|Any CPU
	EndGlobalSection
	GlobalSection(SolutionProperties) = preSolution
		HideSolutionNode = FALSE
	EndGlobalSection
EndGlobal
