
Microsoft Visual Studio Solution File, Format Version 11.00
# Visual Studio 2010
Project("{FAE04EC0-301F-11D3-BF4B-00C04F79EFBC}") = "Pacman", "Pacman\Pacman.csproj", "{F66A8F31-12F8-4723-A8F4-812FBBAEAAB9}"
EndProject
Project("{FAE04EC0-301F-11D3-BF4B-00C04F79EFBC}") = "PacmanContent", "Pacman\Content\PacmanContent.contentproj", "{67223201-6743-4345-AD27-AD9EECE75666}"
EndProject
Global
	GlobalSection(SolutionConfigurationPlatforms) = preSolution
		Debug|x86 = Debug|x86
		Release|x86 = Release|x86
	EndGlobalSection
	GlobalSection(ProjectConfigurationPlatforms) = postSolution
		{F66A8F31-12F8-4723-A8F4-812FBBAEAAB9}.Debug|x86.ActiveCfg = Debug|x86
		{F66A8F31-12F8-4723-A8F4-812FBBAEAAB9}.Debug|x86.Build.0 = Debug|x86
		{F66A8F31-12F8-4723-A8F4-812FBBAEAAB9}.Release|x86.ActiveCfg = Release|x86
		{F66A8F31-12F8-4723-A8F4-812FBBAEAAB9}.Release|x86.Build.0 = Release|x86
		{67223201-6743-4345-AD27-AD9EECE75666}.Debug|x86.ActiveCfg = Debug|x86
		{67223201-6743-4345-AD27-AD9EECE75666}.Release|x86.ActiveCfg = Release|x86
	EndGlobalSection
	GlobalSection(SolutionProperties) = preSolution
		HideSolutionNode = FALSE
	EndGlobalSection
EndGlobal
