
Microsoft Visual Studio Solution File, Format Version 11.00
# Visual Studio 2010
Project("{FAE04EC0-301F-11D3-BF4B-00C04F79EFBC}") = "Pacman", "Pacman.csproj", "{1DC98E98-7757-423B-A09D-5AD74B6D1BA3}"
EndProject
Project("{FAE04EC0-301F-11D3-BF4B-00C04F79EFBC}") = "PacmanContent", "Content\PacmanContent.contentproj", "{4AE89180-B237-4D4A-B800-0B7B81F943E7}"
EndProject
Global
	GlobalSection(SolutionConfigurationPlatforms) = preSolution
		Debug|x86 = Debug|x86
		Release|x86 = Release|x86
	EndGlobalSection
	GlobalSection(ProjectConfigurationPlatforms) = postSolution
		{1DC98E98-7757-423B-A09D-5AD74B6D1BA3}.Debug|x86.ActiveCfg = Debug|x86
		{1DC98E98-7757-423B-A09D-5AD74B6D1BA3}.Debug|x86.Build.0 = Debug|x86
		{1DC98E98-7757-423B-A09D-5AD74B6D1BA3}.Release|x86.ActiveCfg = Release|x86
		{1DC98E98-7757-423B-A09D-5AD74B6D1BA3}.Release|x86.Build.0 = Release|x86
		{4AE89180-B237-4D4A-B800-0B7B81F943E7}.Debug|x86.ActiveCfg = Debug|x86
		{4AE89180-B237-4D4A-B800-0B7B81F943E7}.Release|x86.ActiveCfg = Release|x86
	EndGlobalSection
	GlobalSection(SolutionProperties) = preSolution
		HideSolutionNode = FALSE
	EndGlobalSection
EndGlobal
