
Microsoft Visual Studio Solution File, Format Version 11.00
# Visual Studio 2010
Project("{FAE04EC0-301F-11D3-BF4B-00C04F79EFBC}") = "FuelCellWindows", "FuelCell\FuelCell\FuelCellWindows.csproj", "{EC0537F8-B5FE-4F94-810A-CDE4DB4AB319}"
EndProject
Project("{FAE04EC0-301F-11D3-BF4B-00C04F79EFBC}") = "FuelCellContent", "FuelCell\FuelCellContent\FuelCellContent.contentproj", "{6CE38EB8-C6A5-47A3-9B46-F3DE6E7E2D52}"
EndProject
Global
	GlobalSection(SolutionConfigurationPlatforms) = preSolution
		Debug|Any CPU = Debug|Any CPU
		Debug|Mixed Platforms = Debug|Mixed Platforms
		Debug|x86 = Debug|x86
		Debug|Xbox 360 = Debug|Xbox 360
		Release|Any CPU = Release|Any CPU
		Release|Mixed Platforms = Release|Mixed Platforms
		Release|x86 = Release|x86
		Release|Xbox 360 = Release|Xbox 360
	EndGlobalSection
	GlobalSection(ProjectConfigurationPlatforms) = postSolution
		{EC0537F8-B5FE-4F94-810A-CDE4DB4AB319}.Debug|Any CPU.ActiveCfg = Debug|x86
		{EC0537F8-B5FE-4F94-810A-CDE4DB4AB319}.Debug|Mixed Platforms.ActiveCfg = Debug|x86
		{EC0537F8-B5FE-4F94-810A-CDE4DB4AB319}.Debug|Mixed Platforms.Build.0 = Debug|x86
		{EC0537F8-B5FE-4F94-810A-CDE4DB4AB319}.Debug|x86.ActiveCfg = Debug|x86
		{EC0537F8-B5FE-4F94-810A-CDE4DB4AB319}.Debug|x86.Build.0 = Debug|x86
		{EC0537F8-B5FE-4F94-810A-CDE4DB4AB319}.Debug|Xbox 360.ActiveCfg = Debug|x86
		{EC0537F8-B5FE-4F94-810A-CDE4DB4AB319}.Debug|Xbox 360.Build.0 = Debug|x86
		{EC0537F8-B5FE-4F94-810A-CDE4DB4AB319}.Release|Any CPU.ActiveCfg = Release|x86
		{EC0537F8-B5FE-4F94-810A-CDE4DB4AB319}.Release|Mixed Platforms.ActiveCfg = Release|x86
		{EC0537F8-B5FE-4F94-810A-CDE4DB4AB319}.Release|Mixed Platforms.Build.0 = Release|x86
		{EC0537F8-B5FE-4F94-810A-CDE4DB4AB319}.Release|x86.ActiveCfg = Release|x86
		{EC0537F8-B5FE-4F94-810A-CDE4DB4AB319}.Release|x86.Build.0 = Release|x86
		{EC0537F8-B5FE-4F94-810A-CDE4DB4AB319}.Release|Xbox 360.ActiveCfg = Release|x86
		{EC0537F8-B5FE-4F94-810A-CDE4DB4AB319}.Release|Xbox 360.Build.0 = Release|x86
		{6CE38EB8-C6A5-47A3-9B46-F3DE6E7E2D52}.Debug|Any CPU.ActiveCfg = Debug|Any CPU
		{6CE38EB8-C6A5-47A3-9B46-F3DE6E7E2D52}.Debug|Mixed Platforms.ActiveCfg = Debug|Any CPU
		{6CE38EB8-C6A5-47A3-9B46-F3DE6E7E2D52}.Debug|x86.ActiveCfg = Debug|Any CPU
		{6CE38EB8-C6A5-47A3-9B46-F3DE6E7E2D52}.Debug|Xbox 360.ActiveCfg = Debug|Any CPU
		{6CE38EB8-C6A5-47A3-9B46-F3DE6E7E2D52}.Release|Any CPU.ActiveCfg = Debug|Any CPU
		{6CE38EB8-C6A5-47A3-9B46-F3DE6E7E2D52}.Release|Mixed Platforms.ActiveCfg = Debug|Any CPU
		{6CE38EB8-C6A5-47A3-9B46-F3DE6E7E2D52}.Release|x86.ActiveCfg = Debug|Any CPU
		{6CE38EB8-C6A5-47A3-9B46-F3DE6E7E2D52}.Release|Xbox 360.ActiveCfg = Debug|Any CPU
	EndGlobalSection
	GlobalSection(SolutionProperties) = preSolution
		HideSolutionNode = FALSE
	EndGlobalSection
EndGlobal
